
Microsoft Visual Studio Solution File, Format Version 12.00
# Visual Studio 15
VisualStudioVersion = 15.0.28010.2026
MinimumVisualStudioVersion = 10.0.40219.1
Project("{FAE04EC0-301F-11D3-BF4B-00C04F79EFBC}") = "1_pierwszy_plik", "1_pierwszy_plik\1_pierwszy_plik.csproj", "{BE2CEC4A-6E7A-4F96-B3ED-58F2287E46FB}"
EndProject
Global
	GlobalSection(SolutionConfigurationPlatforms) = preSolution
		Debug|Any CPU = Debug|Any CPU
		Release|Any CPU = Release|Any CPU
	EndGlobalSection
	GlobalSection(ProjectConfigurationPlatforms) = postSolution
		{BE2CEC4A-6E7A-4F96-B3ED-58F2287E46FB}.Debug|Any CPU.ActiveCfg = Debug|Any CPU
		{BE2CEC4A-6E7A-4F96-B3ED-58F2287E46FB}.Debug|Any CPU.Build.0 = Debug|Any CPU
		{BE2CEC4A-6E7A-4F96-B3ED-58F2287E46FB}.Release|Any CPU.ActiveCfg = Release|Any CPU
		{BE2CEC4A-6E7A-4F96-B3ED-58F2287E46FB}.Release|Any CPU.Build.0 = Release|Any CPU
	EndGlobalSection
	GlobalSection(SolutionProperties) = preSolution
		HideSolutionNode = FALSE
	EndGlobalSection
	GlobalSection(ExtensibilityGlobals) = postSolution
		SolutionGuid = {D2BCF7E1-DD1B-42C9-887D-749C15ED2092}
	EndGlobalSection
EndGlobal
