
Microsoft Visual Studio Solution File, Format Version 12.00
# Visual Studio 15
VisualStudioVersion = 15.0.28010.2026
MinimumVisualStudioVersion = 10.0.40219.1
Project("{FAE04EC0-301F-11D3-BF4B-00C04F79EFBC}") = "2_switch", "2_switch\2_switch.csproj", "{FEC41FC2-A085-4646-9DB0-C806EB9365CF}"
EndProject
Global
	GlobalSection(SolutionConfigurationPlatforms) = preSolution
		Debug|Any CPU = Debug|Any CPU
		Release|Any CPU = Release|Any CPU
	EndGlobalSection
	GlobalSection(ProjectConfigurationPlatforms) = postSolution
		{FEC41FC2-A085-4646-9DB0-C806EB9365CF}.Debug|Any CPU.ActiveCfg = Debug|Any CPU
		{FEC41FC2-A085-4646-9DB0-C806EB9365CF}.Debug|Any CPU.Build.0 = Debug|Any CPU
		{FEC41FC2-A085-4646-9DB0-C806EB9365CF}.Release|Any CPU.ActiveCfg = Release|Any CPU
		{FEC41FC2-A085-4646-9DB0-C806EB9365CF}.Release|Any CPU.Build.0 = Release|Any CPU
	EndGlobalSection
	GlobalSection(SolutionProperties) = preSolution
		HideSolutionNode = FALSE
	EndGlobalSection
	GlobalSection(ExtensibilityGlobals) = postSolution
		SolutionGuid = {80AD65E3-5DA8-4391-A559-57AA399FF4A1}
	EndGlobalSection
EndGlobal
