
Microsoft Visual Studio Solution File, Format Version 12.00
# Visual Studio 15
VisualStudioVersion = 15.0.28010.2026
MinimumVisualStudioVersion = 10.0.40219.1
Project("{FAE04EC0-301F-11D3-BF4B-00C04F79EFBC}") = "2_instrukcje_warunkowe1", "2_instrukcje_warunkowe1\2_instrukcje_warunkowe1.csproj", "{8AD27AA7-C092-4D0D-BE1A-BC71F5554A7D}"
EndProject
Global
	GlobalSection(SolutionConfigurationPlatforms) = preSolution
		Debug|Any CPU = Debug|Any CPU
		Release|Any CPU = Release|Any CPU
	EndGlobalSection
	GlobalSection(ProjectConfigurationPlatforms) = postSolution
		{8AD27AA7-C092-4D0D-BE1A-BC71F5554A7D}.Debug|Any CPU.ActiveCfg = Debug|Any CPU
		{8AD27AA7-C092-4D0D-BE1A-BC71F5554A7D}.Debug|Any CPU.Build.0 = Debug|Any CPU
		{8AD27AA7-C092-4D0D-BE1A-BC71F5554A7D}.Release|Any CPU.ActiveCfg = Release|Any CPU
		{8AD27AA7-C092-4D0D-BE1A-BC71F5554A7D}.Release|Any CPU.Build.0 = Release|Any CPU
	EndGlobalSection
	GlobalSection(SolutionProperties) = preSolution
		HideSolutionNode = FALSE
	EndGlobalSection
	GlobalSection(ExtensibilityGlobals) = postSolution
		SolutionGuid = {18C512A9-27FA-4302-9F12-5C1D3328F6A1}
	EndGlobalSection
EndGlobal
