
Microsoft Visual Studio Solution File, Format Version 12.00
# Visual Studio 15
VisualStudioVersion = 15.0.28010.2026
MinimumVisualStudioVersion = 10.0.40219.1
Project("{FAE04EC0-301F-11D3-BF4B-00C04F79EFBC}") = "2_instrukcje_warunkowe", "2_instrukcje_warunkowe\2_instrukcje_warunkowe.csproj", "{B4692F86-E58C-4008-8E36-D45150DBC0BA}"
EndProject
Global
	GlobalSection(SolutionConfigurationPlatforms) = preSolution
		Debug|Any CPU = Debug|Any CPU
		Release|Any CPU = Release|Any CPU
	EndGlobalSection
	GlobalSection(ProjectConfigurationPlatforms) = postSolution
		{B4692F86-E58C-4008-8E36-D45150DBC0BA}.Debug|Any CPU.ActiveCfg = Debug|Any CPU
		{B4692F86-E58C-4008-8E36-D45150DBC0BA}.Debug|Any CPU.Build.0 = Debug|Any CPU
		{B4692F86-E58C-4008-8E36-D45150DBC0BA}.Release|Any CPU.ActiveCfg = Release|Any CPU
		{B4692F86-E58C-4008-8E36-D45150DBC0BA}.Release|Any CPU.Build.0 = Release|Any CPU
	EndGlobalSection
	GlobalSection(SolutionProperties) = preSolution
		HideSolutionNode = FALSE
	EndGlobalSection
	GlobalSection(ExtensibilityGlobals) = postSolution
		SolutionGuid = {5E16C354-CD22-4A38-89B8-0EF03C2B40C7}
	EndGlobalSection
EndGlobal
